
Microsoft Visual Studio Solution File, Format Version 12.00
# Visual Studio Version 17
VisualStudioVersion = 17.3.32929.385
MinimumVisualStudioVersion = 10.0.40219.1
Project("{FAE04EC0-301F-11D3-BF4B-00C04F79EFBC}") = "LongestSubSequenceDP", "LongestSubSequenceDP.csproj", "{8E7A19E6-F7A7-4CE7-98AC-4ED5BD15522B}"
EndProject
Global
	GlobalSection(SolutionConfigurationPlatforms) = preSolution
		Debug|Any CPU = Debug|Any CPU
		Release|Any CPU = Release|Any CPU
	EndGlobalSection
	GlobalSection(ProjectConfigurationPlatforms) = postSolution
		{8E7A19E6-F7A7-4CE7-98AC-4ED5BD15522B}.Debug|Any CPU.ActiveCfg = Debug|Any CPU
		{8E7A19E6-F7A7-4CE7-98AC-4ED5BD15522B}.Debug|Any CPU.Build.0 = Debug|Any CPU
		{8E7A19E6-F7A7-4CE7-98AC-4ED5BD15522B}.Release|Any CPU.ActiveCfg = Release|Any CPU
		{8E7A19E6-F7A7-4CE7-98AC-4ED5BD15522B}.Release|Any CPU.Build.0 = Release|Any CPU
	EndGlobalSection
	GlobalSection(SolutionProperties) = preSolution
		HideSolutionNode = FALSE
	EndGlobalSection
	GlobalSection(ExtensibilityGlobals) = postSolution
		SolutionGuid = {E546D7AF-08C0-4AC9-A706-9046853733EC}
	EndGlobalSection
EndGlobal
