
Microsoft Visual Studio Solution File, Format Version 12.00
# Visual Studio Version 17
VisualStudioVersion = 17.3.32929.385
MinimumVisualStudioVersion = 10.0.40219.1
Project("{FAE04EC0-301F-11D3-BF4B-00C04F79EFBC}") = "DP - Fibonacci - Recursive and Iterative", "DP - Fibonacci - Recursive and Iterative.csproj", "{2665207A-F29F-452B-A3DE-00488FAF0681}"
EndProject
Global
	GlobalSection(SolutionConfigurationPlatforms) = preSolution
		Debug|Any CPU = Debug|Any CPU
		Release|Any CPU = Release|Any CPU
	EndGlobalSection
	GlobalSection(ProjectConfigurationPlatforms) = postSolution
		{2665207A-F29F-452B-A3DE-00488FAF0681}.Debug|Any CPU.ActiveCfg = Debug|Any CPU
		{2665207A-F29F-452B-A3DE-00488FAF0681}.Debug|Any CPU.Build.0 = Debug|Any CPU
		{2665207A-F29F-452B-A3DE-00488FAF0681}.Release|Any CPU.ActiveCfg = Release|Any CPU
		{2665207A-F29F-452B-A3DE-00488FAF0681}.Release|Any CPU.Build.0 = Release|Any CPU
	EndGlobalSection
	GlobalSection(SolutionProperties) = preSolution
		HideSolutionNode = FALSE
	EndGlobalSection
	GlobalSection(ExtensibilityGlobals) = postSolution
		SolutionGuid = {C193C8C7-1038-40AE-99B7-397F5A406B7B}
	EndGlobalSection
EndGlobal
